
Microsoft Visual Studio Solution File, Format Version 12.00
# Visual Studio Version 16
VisualStudioVersion = 25.0.1706.0
MinimumVisualStudioVersion = 10.0.40219.1
Project("{FAE04EC0-301F-11D3-BF4B-00C04F79EFBC}") = "FlavorFiesta", "FlavorFiesta\FlavorFiesta.csproj", "{2E1FCE22-ED83-4F96-9E35-58243A18FC77}"
EndProject
Global
	GlobalSection(SolutionConfigurationPlatforms) = preSolution
		Debug|Any CPU = Debug|Any CPU
		Release|Any CPU = Release|Any CPU
	EndGlobalSection
	GlobalSection(ProjectConfigurationPlatforms) = postSolution
		{2E1FCE22-ED83-4F96-9E35-58243A18FC77}.Debug|Any CPU.ActiveCfg = Debug|Any CPU
		{2E1FCE22-ED83-4F96-9E35-58243A18FC77}.Debug|Any CPU.Build.0 = Debug|Any CPU
		{2E1FCE22-ED83-4F96-9E35-58243A18FC77}.Release|Any CPU.ActiveCfg = Release|Any CPU
		{2E1FCE22-ED83-4F96-9E35-58243A18FC77}.Release|Any CPU.Build.0 = Release|Any CPU
	EndGlobalSection
	GlobalSection(SolutionProperties) = preSolution
		HideSolutionNode = FALSE
	EndGlobalSection
	GlobalSection(ExtensibilityGlobals) = postSolution
		SolutionGuid = {D976BD75-3FEB-4E08-9C56-DB78854640BB}
	EndGlobalSection
EndGlobal
